hash: 7ac20fa09f22314be490cd0c262c13013cb227571e215dc39323da5ca1ceac3a
updated: 2016-02-23T20:15:41.994739855-05:00
imports:
- name: github.com/codegangsta/cli
  version: 5db74198dee1cfe60cf06a611d03a420361baad6
- name: github.com/nlopes/slack
  version: a6a2e430fd2e1bc1f91c0fd538e5c2d0c898f5dc
- name: golang.org/x/net
  version: 4599ae7937fce9b670ce32b8ad32bbb7ae726b3e
  subpackages:
  - websocket
devImports: []
